
Microsoft Visual Studio Solution File, Format Version 12.00
# Visual Studio 15
VisualStudioVersion = 15.0.27428.2037
MinimumVisualStudioVersion = 10.0.40219.1
Project("{FAE04EC0-301F-11D3-BF4B-00C04F79EFBC}") = "CSharp 그림판", "CSharp 그림판.csproj", "{FC8762FE-FFAB-47A2-B408-25CA7824DE51}"
EndProject
Global
	GlobalSection(SolutionConfigurationPlatforms) = preSolution
		Debug|Any CPU = Debug|Any CPU
		Release|Any CPU = Release|Any CPU
	EndGlobalSection
	GlobalSection(ProjectConfigurationPlatforms) = postSolution
		{FC8762FE-FFAB-47A2-B408-25CA7824DE51}.Debug|Any CPU.ActiveCfg = Debug|Any CPU
		{FC8762FE-FFAB-47A2-B408-25CA7824DE51}.Debug|Any CPU.Build.0 = Debug|Any CPU
		{FC8762FE-FFAB-47A2-B408-25CA7824DE51}.Release|Any CPU.ActiveCfg = Release|Any CPU
		{FC8762FE-FFAB-47A2-B408-25CA7824DE51}.Release|Any CPU.Build.0 = Release|Any CPU
	EndGlobalSection
	GlobalSection(SolutionProperties) = preSolution
		HideSolutionNode = FALSE
	EndGlobalSection
	GlobalSection(ExtensibilityGlobals) = postSolution
		SolutionGuid = {F434DA54-85AE-40BD-A421-2F52D330E887}
	EndGlobalSection
EndGlobal
